
Microsoft Visual Studio Solution File, Format Version 12.00
# Visual Studio 14
VisualStudioVersion = 14.0.25123.0
MinimumVisualStudioVersion = 10.0.40219.1
Project("{FAE04EC0-301F-11D3-BF4B-00C04F79EFBC}") = "Puzzle15", "Puzzle15\Puzzle15.csproj", "{4429B0DC-6535-486E-A5BE-3C12E643C794}"
EndProject
Project("{FAE04EC0-301F-11D3-BF4B-00C04F79EFBC}") = "Puzzle15.Tests", "Puzzle15.Tests\Puzzle15.Tests.csproj", "{D067F660-B710-4DE8-805F-5FAD5A31360C}"
EndProject
Project("{FAE04EC0-301F-11D3-BF4B-00C04F79EFBC}") = "RectangularField", "RectangularField\RectangularField.csproj", "{0FAE1D49-D8B0-45F1-ABC0-E3F1951F317B}"
EndProject
Project("{FAE04EC0-301F-11D3-BF4B-00C04F79EFBC}") = "RectangularField.Tests", "RectangularField.Tests\RectangularField.Tests.csproj", "{63530D3E-4DBB-4F76-B946-ECD79AB50D1C}"
EndProject
Project("{FAE04EC0-301F-11D3-BF4B-00C04F79EFBC}") = "Puzzle15.GUI", "Puzzle15.GUI\Puzzle15.GUI.csproj", "{669B0FAC-3A21-4254-B78A-A581F2051A76}"
EndProject
Global
	GlobalSection(SolutionConfigurationPlatforms) = preSolution
		Debug|Any CPU = Debug|Any CPU
		Release|Any CPU = Release|Any CPU
	EndGlobalSection
	GlobalSection(ProjectConfigurationPlatforms) = postSolution
		{4429B0DC-6535-486E-A5BE-3C12E643C794}.Debug|Any CPU.ActiveCfg = Debug|Any CPU
		{4429B0DC-6535-486E-A5BE-3C12E643C794}.Debug|Any CPU.Build.0 = Debug|Any CPU
		{4429B0DC-6535-486E-A5BE-3C12E643C794}.Release|Any CPU.ActiveCfg = Release|Any CPU
		{4429B0DC-6535-486E-A5BE-3C12E643C794}.Release|Any CPU.Build.0 = Release|Any CPU
		{D067F660-B710-4DE8-805F-5FAD5A31360C}.Debug|Any CPU.ActiveCfg = Debug|Any CPU
		{D067F660-B710-4DE8-805F-5FAD5A31360C}.Debug|Any CPU.Build.0 = Debug|Any CPU
		{D067F660-B710-4DE8-805F-5FAD5A31360C}.Release|Any CPU.ActiveCfg = Release|Any CPU
		{D067F660-B710-4DE8-805F-5FAD5A31360C}.Release|Any CPU.Build.0 = Release|Any CPU
		{0FAE1D49-D8B0-45F1-ABC0-E3F1951F317B}.Debug|Any CPU.ActiveCfg = Debug|Any CPU
		{0FAE1D49-D8B0-45F1-ABC0-E3F1951F317B}.Debug|Any CPU.Build.0 = Debug|Any CPU
		{0FAE1D49-D8B0-45F1-ABC0-E3F1951F317B}.Release|Any CPU.ActiveCfg = Release|Any CPU
		{0FAE1D49-D8B0-45F1-ABC0-E3F1951F317B}.Release|Any CPU.Build.0 = Release|Any CPU
		{63530D3E-4DBB-4F76-B946-ECD79AB50D1C}.Debug|Any CPU.ActiveCfg = Debug|Any CPU
		{63530D3E-4DBB-4F76-B946-ECD79AB50D1C}.Debug|Any CPU.Build.0 = Debug|Any CPU
		{63530D3E-4DBB-4F76-B946-ECD79AB50D1C}.Release|Any CPU.ActiveCfg = Release|Any CPU
		{63530D3E-4DBB-4F76-B946-ECD79AB50D1C}.Release|Any CPU.Build.0 = Release|Any CPU
		{669B0FAC-3A21-4254-B78A-A581F2051A76}.Debug|Any CPU.ActiveCfg = Debug|Any CPU
		{669B0FAC-3A21-4254-B78A-A581F2051A76}.Debug|Any CPU.Build.0 = Debug|Any CPU
		{669B0FAC-3A21-4254-B78A-A581F2051A76}.Release|Any CPU.ActiveCfg = Release|Any CPU
		{669B0FAC-3A21-4254-B78A-A581F2051A76}.Release|Any CPU.Build.0 = Release|Any CPU
	EndGlobalSection
	GlobalSection(SolutionProperties) = preSolution
		HideSolutionNode = FALSE
	EndGlobalSection
EndGlobal
